
Microsoft Visual Studio Solution File, Format Version 12.00
# Visual Studio 14
VisualStudioVersion = 14.0.23107.0
MinimumVisualStudioVersion = 10.0.40219.1
Project("{FAE04EC0-301F-11D3-BF4B-00C04F79EFBC}") = "SimpleDraw", "SimpleDraw.csproj", "{D2F06457-0CCB-466C-BB65-53387228B4AC}"
EndProject
Global
	GlobalSection(SolutionConfigurationPlatforms) = preSolution
		Debug|ARM = Debug|ARM
		Debug|x64 = Debug|x64
		Debug|x86 = Debug|x86
		Release|ARM = Release|ARM
		Release|x64 = Release|x64
		Release|x86 = Release|x86
	EndGlobalSection
	GlobalSection(ProjectConfigurationPlatforms) = postSolution
		{D2F06457-0CCB-466C-BB65-53387228B4AC}.Debug|ARM.ActiveCfg = Debug|ARM
		{D2F06457-0CCB-466C-BB65-53387228B4AC}.Debug|ARM.Build.0 = Debug|ARM
		{D2F06457-0CCB-466C-BB65-53387228B4AC}.Debug|ARM.Deploy.0 = Debug|ARM
		{D2F06457-0CCB-466C-BB65-53387228B4AC}.Debug|x64.ActiveCfg = Debug|x64
		{D2F06457-0CCB-466C-BB65-53387228B4AC}.Debug|x64.Build.0 = Debug|x64
		{D2F06457-0CCB-466C-BB65-53387228B4AC}.Debug|x64.Deploy.0 = Debug|x64
		{D2F06457-0CCB-466C-BB65-53387228B4AC}.Debug|x86.ActiveCfg = Debug|x86
		{D2F06457-0CCB-466C-BB65-53387228B4AC}.Debug|x86.Build.0 = Debug|x86
		{D2F06457-0CCB-466C-BB65-53387228B4AC}.Debug|x86.Deploy.0 = Debug|x86
		{D2F06457-0CCB-466C-BB65-53387228B4AC}.Release|ARM.ActiveCfg = Release|ARM
		{D2F06457-0CCB-466C-BB65-53387228B4AC}.Release|ARM.Build.0 = Release|ARM
		{D2F06457-0CCB-466C-BB65-53387228B4AC}.Release|ARM.Deploy.0 = Release|ARM
		{D2F06457-0CCB-466C-BB65-53387228B4AC}.Release|x64.ActiveCfg = Release|x64
		{D2F06457-0CCB-466C-BB65-53387228B4AC}.Release|x64.Build.0 = Release|x64
		{D2F06457-0CCB-466C-BB65-53387228B4AC}.Release|x64.Deploy.0 = Release|x64
		{D2F06457-0CCB-466C-BB65-53387228B4AC}.Release|x86.ActiveCfg = Release|x86
		{D2F06457-0CCB-466C-BB65-53387228B4AC}.Release|x86.Build.0 = Release|x86
		{D2F06457-0CCB-466C-BB65-53387228B4AC}.Release|x86.Deploy.0 = Release|x86
	EndGlobalSection
	GlobalSection(SolutionProperties) = preSolution
		HideSolutionNode = FALSE
	EndGlobalSection
EndGlobal
